
Microsoft Visual Studio Solution File, Format Version 12.00
# Visual Studio Version 17
VisualStudioVersion = 17.5.33627.172
MinimumVisualStudioVersion = 10.0.40219.1
Project("{FAE04EC0-301F-11D3-BF4B-00C04F79EFBC}") = "PixelChart", "PixelChart\PixelChart.csproj", "{CD708A07-FEB9-461D-92F7-394A41596B16}"
EndProject
Global
	GlobalSection(SolutionConfigurationPlatforms) = preSolution
		Debug|Any CPU = Debug|Any CPU
		Release|Any CPU = Release|Any CPU
	EndGlobalSection
	GlobalSection(ProjectConfigurationPlatforms) = postSolution
		{CD708A07-FEB9-461D-92F7-394A41596B16}.Debug|Any CPU.ActiveCfg = Debug|Any CPU
		{CD708A07-FEB9-461D-92F7-394A41596B16}.Debug|Any CPU.Build.0 = Debug|Any CPU
		{CD708A07-FEB9-461D-92F7-394A41596B16}.Release|Any CPU.ActiveCfg = Release|Any CPU
		{CD708A07-FEB9-461D-92F7-394A41596B16}.Release|Any CPU.Build.0 = Release|Any CPU
	EndGlobalSection
	GlobalSection(SolutionProperties) = preSolution
		HideSolutionNode = FALSE
	EndGlobalSection
	GlobalSection(ExtensibilityGlobals) = postSolution
		SolutionGuid = {AC066BE8-1920-403C-9EFD-753EF3D163CE}
	EndGlobalSection
EndGlobal
